{
  "version": 4,
  "terraform_version": "1.6.0",
  "serial": 34,
  "lineage": "1521fd34-f9dd-7d36-95e4-d661254d9bf4",
  "outputs": {},
  "resources": [
    {
      "module": "module.minio_objects",
      "mode": "managed",
      "type": "minio_s3_bucket",
      "name": "raw-data",
      "provider": "provider[\"registry.terraform.io/aminueza/minio\"].minio_provider",
      "instances": [
        {
          "schema_version": 0,
          "attributes": {
            "acl": "public",
            "arn": "arn:aws:s3:::raw-data",
            "bucket": "raw-data",
            "bucket_domain_name": "http://minio:9000/minio/raw-data",
            "bucket_prefix": null,
            "force_destroy": false,
            "id": "raw-data",
            "object_locking": false,
            "quota": null
          },
          "sensitive_attributes": [],
          "private": "bnVsbA=="
        }
      ]
    },
    {
      "module": "module.minio_objects",
      "mode": "managed",
      "type": "minio_s3_bucket",
      "name": "sources",
      "provider": "provider[\"registry.terraform.io/aminueza/minio\"].minio_provider",
      "instances": [
        {
          "schema_version": 0,
          "attributes": {
            "acl": "public",
            "arn": "arn:aws:s3:::sources",
            "bucket": "sources",
            "bucket_domain_name": "http://minio:9000/minio/sources",
            "bucket_prefix": null,
            "force_destroy": false,
            "id": "sources",
            "object_locking": false,
            "quota": null
          },
          "sensitive_attributes": [],
          "private": "bnVsbA=="
        }
      ]
    },
    {
      "module": "module.minio_objects",
      "mode": "managed",
      "type": "minio_s3_object",
      "name": "customers",
      "provider": "provider[\"registry.terraform.io/aminueza/minio\"].minio_provider",
      "instances": [
        {
          "schema_version": 0,
          "attributes": {
            "bucket_name": "sources",
            "content": null,
            "content_base64": null,
            "content_type": "text/csv",
            "etag": "50258b7469f712efe898c5a389e6fd5a-1",
            "id": "customers_dataset.csv",
            "object_name": "customers_dataset.csv",
            "source": "../source_data/olist_customers_dataset.csv",
            "version_id": ""
          },
          "sensitive_attributes": [],
          "private": "bnVsbA==",
          "dependencies": [
            "module.minio_objects.minio_s3_bucket.sources"
          ]
        }
      ]
    },
    {
      "module": "module.minio_objects",
      "mode": "managed",
      "type": "minio_s3_object",
      "name": "geolocation",
      "provider": "provider[\"registry.terraform.io/aminueza/minio\"].minio_provider",
      "instances": [
        {
          "schema_version": 0,
          "attributes": {
            "bucket_name": "sources",
            "content": null,
            "content_base64": null,
            "content_type": "text/csv",
            "etag": "9bfe147908c315be7507d2795de55797-1",
            "id": "geolocation_dataset.csv",
            "object_name": "geolocation_dataset.csv",
            "source": "../source_data/olist_geolocation_dataset.csv",
            "version_id": ""
          },
          "sensitive_attributes": [],
          "private": "bnVsbA==",
          "dependencies": [
            "module.minio_objects.minio_s3_bucket.sources"
          ]
        }
      ]
    },
    {
      "module": "module.minio_objects",
      "mode": "managed",
      "type": "minio_s3_object",
      "name": "order-items",
      "provider": "provider[\"registry.terraform.io/aminueza/minio\"].minio_provider",
      "instances": [
        {
          "schema_version": 0,
          "attributes": {
            "bucket_name": "sources",
            "content": null,
            "content_base64": null,
            "content_type": "text/csv",
            "etag": "4861e4085f40b2b8e97f62736b0aab7c-1",
            "id": "order_items_dataset.csv",
            "object_name": "order_items_dataset.csv",
            "source": "../source_data/olist_order_items_dataset.csv",
            "version_id": ""
          },
          "sensitive_attributes": [],
          "private": "bnVsbA==",
          "dependencies": [
            "module.minio_objects.minio_s3_bucket.sources"
          ]
        }
      ]
    },
    {
      "module": "module.minio_objects",
      "mode": "managed",
      "type": "minio_s3_object",
      "name": "order-payments",
      "provider": "provider[\"registry.terraform.io/aminueza/minio\"].minio_provider",
      "instances": [
        {
          "schema_version": 0,
          "attributes": {
            "bucket_name": "sources",
            "content": null,
            "content_base64": null,
            "content_type": "text/csv",
            "etag": "5ec706c537a32251c184e1f34e3f82af-1",
            "id": "order_payments_dataset.csv",
            "object_name": "order_payments_dataset.csv",
            "source": "../source_data/olist_order_payments_dataset.csv",
            "version_id": ""
          },
          "sensitive_attributes": [],
          "private": "bnVsbA==",
          "dependencies": [
            "module.minio_objects.minio_s3_bucket.sources"
          ]
        }
      ]
    },
    {
      "module": "module.minio_objects",
      "mode": "managed",
      "type": "minio_s3_object",
      "name": "order-reviews",
      "provider": "provider[\"registry.terraform.io/aminueza/minio\"].minio_provider",
      "instances": [
        {
          "schema_version": 0,
          "attributes": {
            "bucket_name": "sources",
            "content": null,
            "content_base64": null,
            "content_type": "text/csv",
            "etag": "2793ec7689127761b27b62e5c7fac9ad-1",
            "id": "order_reviews_dataset.csv",
            "object_name": "order_reviews_dataset.csv",
            "source": "../source_data/olist_order_reviews_dataset.csv",
            "version_id": ""
          },
          "sensitive_attributes": [],
          "private": "bnVsbA==",
          "dependencies": [
            "module.minio_objects.minio_s3_bucket.sources"
          ]
        }
      ]
    },
    {
      "module": "module.minio_objects",
      "mode": "managed",
      "type": "minio_s3_object",
      "name": "orders",
      "provider": "provider[\"registry.terraform.io/aminueza/minio\"].minio_provider",
      "instances": [
        {
          "schema_version": 0,
          "attributes": {
            "bucket_name": "sources",
            "content": null,
            "content_base64": null,
            "content_type": "text/csv",
            "etag": "63873f4367e3951c73864808e109fe27-1",
            "id": "orders_dataset.csv",
            "object_name": "orders_dataset.csv",
            "source": "../source_data/olist_orders_dataset.csv",
            "version_id": ""
          },
          "sensitive_attributes": [],
          "private": "bnVsbA==",
          "dependencies": [
            "module.minio_objects.minio_s3_bucket.sources"
          ]
        }
      ]
    },
    {
      "module": "module.minio_objects",
      "mode": "managed",
      "type": "minio_s3_object",
      "name": "product-category-name-translation",
      "provider": "provider[\"registry.terraform.io/aminueza/minio\"].minio_provider",
      "instances": [
        {
          "schema_version": 0,
          "attributes": {
            "bucket_name": "sources",
            "content": null,
            "content_base64": null,
            "content_type": "text/csv",
            "etag": "056afc19b158f9eff08020e40d76d51e-1",
            "id": "product_category_name_translation.csv",
            "object_name": "product_category_name_translation.csv",
            "source": "../source_data/product_category_name_translation.csv",
            "version_id": ""
          },
          "sensitive_attributes": [],
          "private": "bnVsbA==",
          "dependencies": [
            "module.minio_objects.minio_s3_bucket.sources"
          ]
        }
      ]
    },
    {
      "module": "module.minio_objects",
      "mode": "managed",
      "type": "minio_s3_object",
      "name": "products",
      "provider": "provider[\"registry.terraform.io/aminueza/minio\"].minio_provider",
      "instances": [
        {
          "schema_version": 0,
          "attributes": {
            "bucket_name": "sources",
            "content": null,
            "content_base64": null,
            "content_type": "text/csv",
            "etag": "29b62f87551845cae5e733896c3c71d1-1",
            "id": "products_dataset.csv",
            "object_name": "products_dataset.csv",
            "source": "../source_data/olist_products_dataset.csv",
            "version_id": ""
          },
          "sensitive_attributes": [],
          "private": "bnVsbA==",
          "dependencies": [
            "module.minio_objects.minio_s3_bucket.sources"
          ]
        }
      ]
    },
    {
      "module": "module.minio_objects",
      "mode": "managed",
      "type": "minio_s3_object",
      "name": "sellers",
      "provider": "provider[\"registry.terraform.io/aminueza/minio\"].minio_provider",
      "instances": [
        {
          "schema_version": 0,
          "attributes": {
            "bucket_name": "sources",
            "content": null,
            "content_base64": null,
            "content_type": "text/csv",
            "etag": "f1c6a80ad1bed0a1b5f4c8963c10946d-1",
            "id": "sellers_dataset.csv",
            "object_name": "sellers_dataset.csv",
            "source": "../source_data/olist_sellers_dataset.csv",
            "version_id": ""
          },
          "sensitive_attributes": [],
          "private": "bnVsbA==",
          "dependencies": [
            "module.minio_objects.minio_s3_bucket.sources"
          ]
        }
      ]
    },
    {
      "module": "module.postgres_datawarehouse",
      "mode": "managed",
      "type": "postgresql_schema",
      "name": "dw",
      "provider": "provider[\"registry.terraform.io/doctolib/postgresql\"].pgcore",
      "instances": [
        {
          "schema_version": 0,
          "attributes": {
            "database": "operation",
            "drop_cascade": false,
            "id": "operation.dw",
            "if_not_exists": true,
            "name": "dw",
            "owner": "admin",
            "policy": []
          },
          "sensitive_attributes": [],
          "private": "bnVsbA=="
        }
      ]
    },
    {
      "module": "module.postgres_datawarehouse",
      "mode": "managed",
      "type": "postgresql_script",
      "name": "dim_customer",
      "provider": "provider[\"registry.terraform.io/doctolib/postgresql\"].pgcore",
      "instances": [
        {
          "schema_version": 0,
          "attributes": {
            "backoff_delay": 1,
            "commands": [
              "DROP TABLE IF EXISTS dw.dim_customer cascade;\n",
              "CREATE TABLE dw.dim_customer (\n    customer_id VARCHAR(50) PRIMARY KEY,\n    customer_code varchar(32) NOT NULL,\n    customer_state char(2),\n    customer_city varchar(64),\n    customer_zip_code varchar(16),\n    valid_from timestamp not null,\n    valid_to timestamp,\n    is_current boolean not null,\n    rowhash varchar(64) not null\n);\n"
            ],
            "id": "4d7d65d8b6c22bb5d60a665e95a4f29f4b66b6f6",
            "shasum": "4d7d65d8b6c22bb5d60a665e95a4f29f4b66b6f6",
            "timeout": 300,
            "tries": 1
          },
          "sensitive_attributes": [],
          "private": "bnVsbA=="
        }
      ]
    },
    {
      "module": "module.postgres_datawarehouse",
      "mode": "managed",
      "type": "postgresql_script",
      "name": "dim_date",
      "provider": "provider[\"registry.terraform.io/doctolib/postgresql\"].pgcore",
      "instances": [
        {
          "schema_version": 0,
          "attributes": {
            "backoff_delay": 1,
            "commands": [
              "DROP TABLE IF EXISTS dw.dim_date cascade;\n",
              "CREATE TABLE dw.dim_date (\n    date_id uuid PRIMARY KEY,\n    date_value date NOT NULL,\n    year integer NOT NULL,\n    quarter integer NOT NULL,\n    month integer NOT NULL,\n    day integer NOT NULL,\n    week_of_year integer NOT NULL,\n    day_of_week integer NOT NULL,\n    is_weekend boolean NOT NULL,\n    rowhash varchar(64) not null\n);\n"
            ],
            "id": "c9668b117eaf67d8fa9d153f546b4333811d20c0",
            "shasum": "c9668b117eaf67d8fa9d153f546b4333811d20c0",
            "timeout": 300,
            "tries": 1
          },
          "sensitive_attributes": [],
          "private": "bnVsbA=="
        }
      ]
    },
    {
      "module": "module.postgres_datawarehouse",
      "mode": "managed",
      "type": "postgresql_script",
      "name": "dim_location",
      "provider": "provider[\"registry.terraform.io/doctolib/postgresql\"].pgcore",
      "instances": [
        {
          "schema_version": 0,
          "attributes": {
            "backoff_delay": 1,
            "commands": [
              "DROP TABLE IF EXISTS dw.dim_location cascade;\n",
              "CREATE TABLE dw.dim_location (\n    location_id integer PRIMARY KEY,\n    zip_code_prefix VARCHAR(20) NOT NULL,\n    city VARCHAR(50) NOT NULL,\n    state VARCHAR(50) NOT NULL,\n    inserted_at timestamp NOT NULL,\n    updated_at timestamp NOT NULL,\n    rowhash varchar(64) not null,\n    constraint chk_city_lower check (city = lower(city)),\n    constraint chk_state_lower check (state = lower(state)),\n    constraint uq_dim_location_zip_code_prefix_city_state unique (zip_code_prefix, city, state)\n);\n"
            ],
            "id": "a11f951b1b3fac7b21b734f9b64d62cbc3a36905",
            "shasum": "a11f951b1b3fac7b21b734f9b64d62cbc3a36905",
            "timeout": 300,
            "tries": 1
          },
          "sensitive_attributes": [],
          "private": "bnVsbA=="
        }
      ]
    },
    {
      "module": "module.postgres_datawarehouse",
      "mode": "managed",
      "type": "postgresql_script",
      "name": "dim_order_status_type",
      "provider": "provider[\"registry.terraform.io/doctolib/postgresql\"].pgcore",
      "instances": [
        {
          "schema_version": 0,
          "attributes": {
            "backoff_delay": 1,
            "commands": [
              "DROP TABLE IF EXISTS dw.dim_order_status_type cascade;\n",
              "CREATE TABLE dw.dim_order_status_type (\norder_status_type_id integer primary key,\norder_status_type_code varchar(255) unique not null,\norder_status_type_description varchar(255),\ninserted_at timestamp not null,\nupdated_at timestamp not null,\nrowhash varchar(64) not null,\nconstraint chk_order_status_type_code_lower check (order_status_type_code = lower(order_status_type_code))\n);\n"
            ],
            "id": "25a1edfd1c6a4e92de299b91e566623f7f2b3478",
            "shasum": "25a1edfd1c6a4e92de299b91e566623f7f2b3478",
            "timeout": 300,
            "tries": 1
          },
          "sensitive_attributes": [],
          "private": "bnVsbA=="
        }
      ]
    },
    {
      "module": "module.postgres_datawarehouse",
      "mode": "managed",
      "type": "postgresql_script",
      "name": "dim_product",
      "provider": "provider[\"registry.terraform.io/doctolib/postgresql\"].pgcore",
      "instances": [
        {
          "schema_version": 0,
          "attributes": {
            "backoff_delay": 1,
            "commands": [
              "DROP TABLE IF EXISTS dw.dim_product cascade;\n",
              "        CREATE TABLE dw.dim_product (\n        product_id VARCHAR(50) PRIMARY KEY,  -- Correction : VARCHAR pour matcher Olist\n        product_category VARCHAR(255),       -- Ajout d'une taille max conseillée\n        name_length INTEGER,\n        description_length INTEGER,\n        photos_qty INTEGER,\n        weight_g INTEGER,\n        length_cm INTEGER,\n        height_cm INTEGER,\n        width_cm INTEGER,\n        valid_from TIMESTAMP NOT NULL,\n        valid_to TIMESTAMP,\n        is_current BOOLEAN NOT NULL,\n        rowhash VARCHAR(64) NOT NULL,\n        \n        CONSTRAINT chk_product_name_length CHECK (name_length IS NULL OR name_length \u003e= 0),\n        CONSTRAINT chk_product_description_length CHECK (description_length IS NULL OR description_length \u003e= 0),\n        CONSTRAINT chk_product_photos_qty CHECK (photos_qty IS NULL OR photos_qty \u003e= 0),\n        CONSTRAINT chk_product_weight_g CHECK (weight_g IS NULL OR weight_g \u003e= 0),\n        CONSTRAINT chk_product_length_cm CHECK (length_cm IS NULL OR length_cm \u003e= 0),\n        CONSTRAINT chk_product_height_cm CHECK (height_cm IS NULL OR height_cm \u003e= 0),\n        CONSTRAINT chk_product_width_cm CHECK (width_cm IS NULL OR width_cm \u003e= 0) -- Correction : Pas de virgule ici !\n);\n"
            ],
            "id": "114b48fbd49af1bf8c9664d31e362074b025fd68",
            "shasum": "114b48fbd49af1bf8c9664d31e362074b025fd68",
            "timeout": 300,
            "tries": 1
          },
          "sensitive_attributes": [],
          "private": "bnVsbA=="
        }
      ]
    },
    {
      "module": "module.postgres_datawarehouse",
      "mode": "managed",
      "type": "postgresql_script",
      "name": "dim_seller",
      "provider": "provider[\"registry.terraform.io/doctolib/postgresql\"].pgcore",
      "instances": [
        {
          "schema_version": 0,
          "attributes": {
            "backoff_delay": 1,
            "commands": [
              "DROP TABLE IF EXISTS dw.dim_seller cascade;\n",
              "CREATE TABLE dw.dim_seller (\n    seller_id VARCHAR(50) PRIMARY KEY,\n    seller_state char(2),\n    seller_city varchar(64),\n    seller_zip_code varchar(16),\n    valid_from timestamp not null,\n    valid_to timestamp,\n    is_current boolean not null,\n    rowhash varchar(64) not null\n);\n"
            ],
            "id": "d03bd91d1cec8b052cfa38fca5f5ea5424571573",
            "shasum": "d03bd91d1cec8b052cfa38fca5f5ea5424571573",
            "timeout": 300,
            "tries": 1
          },
          "sensitive_attributes": [],
          "private": "bnVsbA=="
        }
      ]
    },
    {
      "module": "module.postgres_datawarehouse",
      "mode": "managed",
      "type": "postgresql_script",
      "name": "fact_orders",
      "provider": "provider[\"registry.terraform.io/doctolib/postgresql\"].pgcore",
      "instances": [
        {
          "schema_version": 0,
          "attributes": {
            "backoff_delay": 1,
            "commands": [
              "DROP TABLE IF EXISTS dw.fact_orders CASCADE;\n",
              "CREATE TABLE dw.fact_orders (\n    fact_order_id SERIAL PRIMARY KEY,\n    order_id VARCHAR(50) NOT NULL,\n    customer_id VARCHAR(50) NOT NULL,    \n    product_id VARCHAR(50) NOT NULL,     \n    seller_id VARCHAR(50) NOT NULL,         \n    order_status_id INTEGER,             \n    date_id INTEGER,                     \n    location_id INTEGER,                 \n    price DECIMAL(10,2),\n    freight_value DECIMAL(10,2),         \n    num_items INTEGER DEFAULT 1,        \n    purchase_date TIMESTAMP,\n    approved_date TIMESTAMP,\n    delivered_carrier_date TIMESTAMP,\n    delivered_customer_date TIMESTAMP,\n    estimated_delivery_date TIMESTAMP,\n    inserted_at TIMESTAMP DEFAULT CURRENT_TIMESTAMP,\n    CONSTRAINT fk_fact_product FOREIGN KEY (product_id) REFERENCES dw.dim_product(product_id),\n    CONSTRAINT fk_fact_seller FOREIGN KEY (seller_id) REFERENCES dw.dim_seller(seller_id),\n    CONSTRAINT fk_fact_status FOREIGN KEY (order_status_id) REFERENCES dw.dim_order_status_type(order_status_type_id)\n);\n"
            ],
            "id": "2bb0baa165669ce239250be43a859f42d716aead",
            "shasum": "2bb0baa165669ce239250be43a859f42d716aead",
            "timeout": 300,
            "tries": 1
          },
          "sensitive_attributes": [],
          "private": "bnVsbA==",
          "dependencies": [
            "module.postgres_datawarehouse.postgresql_script.dim_customer",
            "module.postgres_datawarehouse.postgresql_script.dim_order_status_type",
            "module.postgres_datawarehouse.postgresql_script.dim_product",
            "module.postgres_datawarehouse.postgresql_script.dim_seller"
          ]
        }
      ]
    },
    {
      "module": "module.postgres_operations",
      "mode": "managed",
      "type": "postgresql_script",
      "name": "customer",
      "provider": "provider[\"registry.terraform.io/doctolib/postgresql\"].pgcore",
      "instances": [
        {
          "schema_version": 0,
          "attributes": {
            "backoff_delay": 1,
            "commands": [
              "DROP TABLE IF EXISTS customer cascade;\n",
              "CREATE TABLE customer (\n    customer_id uuid primary key,\n    customer_code varchar(32) NOT NULL,\n    customer_state char(2),\n    customer_city varchar(64),\n    customer_zip_code varchar(16),\n    inserted_at timestamp NOT NULL DEFAULT CURRENT_TIMESTAMP,\n    updated_at timestamp\n);\n",
              "-- Attachement du trigger\nDROP TRIGGER IF EXISTS update_customer_modtime ON customer;\nCREATE TRIGGER update_customer_modtime\nBEFORE UPDATE ON customer\nFOR EACH ROW\nEXECUTE FUNCTION update_updated_at_column();\n"
            ],
            "id": "aa6b34ba03ac91b918c502cff01fff63fa1424ba",
            "shasum": "aa6b34ba03ac91b918c502cff01fff63fa1424ba",
            "timeout": 300,
            "tries": 1
          },
          "sensitive_attributes": [],
          "private": "bnVsbA==",
          "dependencies": [
            "module.postgres_operations.postgresql_script.trigger_function"
          ]
        }
      ]
    },
    {
      "module": "module.postgres_operations",
      "mode": "managed",
      "type": "postgresql_script",
      "name": "location",
      "provider": "provider[\"registry.terraform.io/doctolib/postgresql\"].pgcore",
      "instances": [
        {
          "schema_version": 0,
          "attributes": {
            "backoff_delay": 1,
            "commands": [
              "DROP TABLE IF EXISTS location cascade;\n",
              "CREATE TABLE location (\n    location_id integer PRIMARY KEY,\n    zip_code_prefix VARCHAR(20) NOT NULL,\n    city VARCHAR(50) NOT NULL,\n    state VARCHAR(50) NOT NULL,\n    inserted_at timestamp NOT NULL,\n    constraint chk_city_lower check (city = lower(city)),\n    constraint chk_state_lower check (state = lower(state)),\n    constraint uq_location_zip_code_prefix_city_state unique (zip_code_prefix, city, state)\n);\n"
            ],
            "id": "5e362ad9c106c25b0ae556392fb506ea30977606",
            "shasum": "5e362ad9c106c25b0ae556392fb506ea30977606",
            "timeout": 300,
            "tries": 1
          },
          "sensitive_attributes": [],
          "private": "bnVsbA=="
        }
      ]
    },
    {
      "module": "module.postgres_operations",
      "mode": "managed",
      "type": "postgresql_script",
      "name": "order",
      "provider": "provider[\"registry.terraform.io/doctolib/postgresql\"].pgcore",
      "instances": [
        {
          "schema_version": 0,
          "attributes": {
            "backoff_delay": 1,
            "commands": [
              "DROP TABLE IF EXISTS orders cascade;\n",
              "    CREATE TABLE orders (\n    order_id uuid primary key,\n    customer_id uuid NOT NULL,\n    status_id integer NOT NULL,\n    purchase_date timestamp NOT NULL,\n    estimated_delivery_date timestamp NOT NULL,\n    approved_date timestamp,\n    delivered_carrier_date timestamp,\n    delivered_customer_date timestamp,\n    inserted_at timestamp NOT NULL DEFAULT CURRENT_TIMESTAMP,\n    updated_at timestamp,\n    foreign key (customer_id) references customer(customer_id),\n    foreign key (status_id) references order_status_type(order_status_type_id)\n);\n",
              "-- Attachement du trigger\nDROP TRiGGER IF EXISTS update_order_modtime ON orders;\nCREATE TRIGGER update_order_modtime\nBEFORE UPDATE ON orders\nFOR EACH ROW\nEXECUTE FUNCTION update_updated_at_column();\n"
            ],
            "id": "410a88662ab156aa07efb91b9772ec24f3f66c03",
            "shasum": "410a88662ab156aa07efb91b9772ec24f3f66c03",
            "timeout": 300,
            "tries": 1
          },
          "sensitive_attributes": [],
          "private": "bnVsbA==",
          "dependencies": [
            "module.postgres_operations.postgresql_script.customer",
            "module.postgres_operations.postgresql_script.order_status_type",
            "module.postgres_operations.postgresql_script.trigger_function"
          ]
        }
      ]
    },
    {
      "module": "module.postgres_operations",
      "mode": "managed",
      "type": "postgresql_script",
      "name": "order_item",
      "provider": "provider[\"registry.terraform.io/doctolib/postgresql\"].pgcore",
      "instances": [
        {
          "schema_version": 0,
          "attributes": {
            "backoff_delay": 1,
            "commands": [
              "DROP TABLE IF EXISTS order_item cascade;\n",
              "    create table order_item (\n    order_id uuid not null,\n    item_id integer not null,\n    product_id uuid not null,\n    seller_id uuid not null,\n    shipping_limit_date timestamp,\n    price decimal(19,2) not null,\n    freight_value decimal(19,2) not null,\n    inserted_at timestamp not null default CURRENT_TIMESTAMP,\n    updated_at timestamp,\n    foreign key (order_id) references orders(order_id),\n    foreign key (product_id) references product(product_id),\n    foreign key (seller_id) references seller(seller_id),\n    constraint pk_order_item primary key (order_id, item_id),\n    constraint chk_order_item_price_nonneg check (price \u003e= 0),\n    constraint chk_order_item_freight_nonneg check (freight_value \u003e= 0)\n);\n",
              "-- Attachement du trigger\nDROP TriGGER IF EXISTS update_order_item_modtime ON order_item;\nCREATE TRIGGER update_order_item_modtime\nBEFORE UPDATE ON order_item\nFOR EACH ROW\nEXECUTE FUNCTION update_updated_at_column();\n"
            ],
            "id": "1936262fc9230c7ee3a5a6ec7dad83720839f66f",
            "shasum": "1936262fc9230c7ee3a5a6ec7dad83720839f66f",
            "timeout": 300,
            "tries": 1
          },
          "sensitive_attributes": [],
          "private": "bnVsbA==",
          "dependencies": [
            "module.postgres_operations.postgresql_script.customer",
            "module.postgres_operations.postgresql_script.order",
            "module.postgres_operations.postgresql_script.order_status_type",
            "module.postgres_operations.postgresql_script.product",
            "module.postgres_operations.postgresql_script.product_category",
            "module.postgres_operations.postgresql_script.seller",
            "module.postgres_operations.postgresql_script.trigger_function"
          ]
        }
      ]
    },
    {
      "module": "module.postgres_operations",
      "mode": "managed",
      "type": "postgresql_script",
      "name": "order_payment",
      "provider": "provider[\"registry.terraform.io/doctolib/postgresql\"].pgcore",
      "instances": [
        {
          "schema_version": 0,
          "attributes": {
            "backoff_delay": 1,
            "commands": [
              "DROP TABLE IF EXISTS order_payment cascade;\n",
              "    create table order_payment (\n    order_id uuid not null ,\n    payment_seq integer not null,\n    payment_type_id integer,\n    installments integer,\n    value decimal(19,2) not null,\n    inserted_at timestamp not null default CURRENT_TIMESTAMP,\n    updated_at timestamp,\n    foreign key (order_id) references orders(order_id),\n    foreign key (payment_type_id) references payment_type(payment_type_id),\n    constraint pk_order_payment primary key (order_id, payment_seq),\n    constraint chk_installments_nonneg check (installments is null or installments \u003e= 0),\n    constraint chk_payment_value_nonneg check (value \u003e= 0)\n);\n\n",
              "-- Attachement du trigger\nDROP TRiGGER IF EXISTS update_order_item_modtime ON order_item;\nCREATE TRIGGER update_order_payment_modtime\nBEFORE UPDATE ON order_payment\nFOR EACH ROW\nEXECUTE FUNCTION update_updated_at_column();\n"
            ],
            "id": "f2f52bc11f9f503c1be7fe4760789b670eda7b61",
            "shasum": "f2f52bc11f9f503c1be7fe4760789b670eda7b61",
            "timeout": 300,
            "tries": 1
          },
          "sensitive_attributes": [],
          "private": "bnVsbA==",
          "dependencies": [
            "module.postgres_operations.postgresql_script.customer",
            "module.postgres_operations.postgresql_script.order",
            "module.postgres_operations.postgresql_script.order_status_type",
            "module.postgres_operations.postgresql_script.payment_type",
            "module.postgres_operations.postgresql_script.trigger_function"
          ]
        }
      ]
    },
    {
      "module": "module.postgres_operations",
      "mode": "managed",
      "type": "postgresql_script",
      "name": "order_review",
      "provider": "provider[\"registry.terraform.io/doctolib/postgresql\"].pgcore",
      "instances": [
        {
          "schema_version": 0,
          "attributes": {
            "backoff_delay": 1,
            "commands": [
              "DROP TABLE IF EXISTS order_review cascade;\n",
              "create table order_review (\n    review_id uuid not null,\n    order_id uuid not null ,\n    score integer not null,\n    title varchar(255),\n    message text,\n    inserted_at timestamp not null default CURRENT_TIMESTAMP,\n    updated_at timestamp,\n    foreign key (order_id) references orders(order_id),\n    foreign key (review_id) references review(review_id),\n    constraint chk_review_score_range check (score between 1 and 5),\n    constraint primary_key PRIMARY KEY (review_id, order_id)\n);\n",
              "-- Attachement du trigger\nDROP TRiGGER IF EXISTS update_order_review_modtime ON order_review;\nCREATE TRIGGER update_order_review_modtime\nBEFORE UPDATE ON order_review\nFOR EACH ROW\nEXECUTE FUNCTION update_updated_at_column();\n"
            ],
            "id": "d480d02c5a3b8503ea77194934dc31854aab815f",
            "shasum": "d480d02c5a3b8503ea77194934dc31854aab815f",
            "timeout": 300,
            "tries": 1
          },
          "sensitive_attributes": [],
          "private": "bnVsbA==",
          "dependencies": [
            "module.postgres_operations.postgresql_script.customer",
            "module.postgres_operations.postgresql_script.order",
            "module.postgres_operations.postgresql_script.order_status_type",
            "module.postgres_operations.postgresql_script.review",
            "module.postgres_operations.postgresql_script.trigger_function"
          ]
        }
      ]
    },
    {
      "module": "module.postgres_operations",
      "mode": "managed",
      "type": "postgresql_script",
      "name": "order_status_type",
      "provider": "provider[\"registry.terraform.io/doctolib/postgresql\"].pgcore",
      "instances": [
        {
          "schema_version": 0,
          "attributes": {
            "backoff_delay": 1,
            "commands": [
              "DROP TABLE IF EXISTS order_status_type cascade;\n",
              "CREATE TABLE order_status_type (\norder_status_type_id integer primary key,\norder_status_type_code varchar(255) unique not null,\norder_status_type_description varchar(255),\ninserted_at timestamp not null,\nconstraint chk_order_status_type_code_lower check (order_status_type_code = lower(order_status_type_code))\n);\n"
            ],
            "id": "713e2407e91718464fd07b3718d46e99dabd9ab5",
            "shasum": "713e2407e91718464fd07b3718d46e99dabd9ab5",
            "timeout": 300,
            "tries": 1
          },
          "sensitive_attributes": [],
          "private": "bnVsbA=="
        }
      ]
    },
    {
      "module": "module.postgres_operations",
      "mode": "managed",
      "type": "postgresql_script",
      "name": "payment_type",
      "provider": "provider[\"registry.terraform.io/doctolib/postgresql\"].pgcore",
      "instances": [
        {
          "schema_version": 0,
          "attributes": {
            "backoff_delay": 1,
            "commands": [
              "DROP TABLE IF EXISTS payment_type cascade;\n",
              "CREATE TABLE payment_type (\npayment_type_id int primary key,\npayment_type_code varchar(255) unique not null,\npayment_type_description varchar(255),\ninserted_at timestamp not null,\nconstraint chk_payment_type_code_lower check (payment_type_code = lower(payment_type_code))\n);\n"
            ],
            "id": "353ec1337de0385dd9e1547daf5298e0960441d6",
            "shasum": "353ec1337de0385dd9e1547daf5298e0960441d6",
            "timeout": 300,
            "tries": 1
          },
          "sensitive_attributes": [],
          "private": "bnVsbA==",
          "dependencies": [
            "module.postgres_operations.postgresql_script.order_status_type"
          ]
        }
      ]
    },
    {
      "module": "module.postgres_operations",
      "mode": "managed",
      "type": "postgresql_script",
      "name": "product",
      "provider": "provider[\"registry.terraform.io/doctolib/postgresql\"].pgcore",
      "instances": [
        {
          "schema_version": 0,
          "attributes": {
            "backoff_delay": 1,
            "commands": [
              "DROP TABLE IF EXISTS product cascade;\n",
              "create table product (\n    product_id uuid primary key,\n    product_category_id integer,\n    name_length integer,\n    description_length integer,\n    photos_qty integer,\n    weight_g integer,\n    length_cm integer,\n    height_cm integer,\n    width_cm integer,\n    inserted_at timestamp not null default CURRENT_TIMESTAMP,\n    updated_at timestamp,\n    constraint chk_product_name_length check (name_length is null or name_length \u003e= 0),\n    constraint chk_product_description_length check (description_length is null or description_length \u003e= 0),\n    constraint chk_product_photos_qty check (photos_qty is null or photos_qty \u003e= 0),\n    constraint chk_product_weight_g check (weight_g is null or weight_g \u003e= 0),\n    constraint chk_product_length_cm check (length_cm is null or length_cm \u003e= 0),\n    constraint chk_product_height_cm check (height_cm is null or height_cm \u003e= 0),\n    constraint chk_product_width_cm check (width_cm is null or width_cm \u003e= 0),\n    foreign key (product_category_id) references product_category(product_category_id)\n);\n",
              "-- Attachement du trigger\nDROP TRiGGER IF EXISTS update_product_modtime ON product;\nCREATE TRIGGER update_product_modtime\nBEFORE UPDATE ON product\nFOR EACH ROW\nEXECUTE FUNCTION update_updated_at_column();\n"
            ],
            "id": "3315e9659bddc057d16f504a5521744f98d9f8c2",
            "shasum": "3315e9659bddc057d16f504a5521744f98d9f8c2",
            "timeout": 300,
            "tries": 1
          },
          "sensitive_attributes": [],
          "private": "bnVsbA==",
          "dependencies": [
            "module.postgres_operations.postgresql_script.product_category",
            "module.postgres_operations.postgresql_script.trigger_function"
          ]
        }
      ]
    },
    {
      "module": "module.postgres_operations",
      "mode": "managed",
      "type": "postgresql_script",
      "name": "product_category",
      "provider": "provider[\"registry.terraform.io/doctolib/postgresql\"].pgcore",
      "instances": [
        {
          "schema_version": 0,
          "attributes": {
            "backoff_delay": 1,
            "commands": [
              "DROP TABLE IF EXISTS product_category cascade;\n",
              "CREATE TABLE product_category (\nproduct_category_id serial primary key,\nproduct_category_name varchar(255) unique not null,\ntranslation_name_en varchar(255),\nproduct_category_description varchar(255),\ninserted_at timestamp not null,\nconstraint chk_product_category_name_lower check (product_category_name = lower(product_category_name))\n);\n"
            ],
            "id": "0911e2e6150c7ff9bbd09da1d608ec7df5833912",
            "shasum": "0911e2e6150c7ff9bbd09da1d608ec7df5833912",
            "timeout": 300,
            "tries": 1
          },
          "sensitive_attributes": [],
          "private": "bnVsbA=="
        }
      ]
    },
    {
      "module": "module.postgres_operations",
      "mode": "managed",
      "type": "postgresql_script",
      "name": "product_seller",
      "provider": "provider[\"registry.terraform.io/doctolib/postgresql\"].pgcore",
      "instances": [
        {
          "schema_version": 0,
          "attributes": {
            "backoff_delay": 1,
            "commands": [
              "DROP TABLE IF EXISTS product_seller CASCADE;\n",
              "CREATE TABLE product_seller (\n    product_id UUID NOT NULL,\n    seller_id UUID NOT NULL,\n    price DECIMAL(19,2),\n    inserted_at TIMESTAMP DEFAULT CURRENT_TIMESTAMP,\n    updated_at TIMESTAMP,\n\n    PRIMARY KEY (product_id, seller_id),\n    FOREIGN KEY (product_id) REFERENCES product(product_id),\n    FOREIGN KEY (seller_id) REFERENCES seller(seller_id)\n);\n",
              "-- Attachement du trigger\nDROP TRiGGER IF EXISTS update_product_seller_modtime ON product_seller;\nCREATE TRIGGER update_product_seller_modtime\nBEFORE UPDATE ON product_seller\nFOR EACH ROW\nEXECUTE FUNCTION update_updated_at_column();\n"
            ],
            "id": "b870980d94bfe1548bef5d58227527f1192fd438",
            "shasum": "b870980d94bfe1548bef5d58227527f1192fd438",
            "timeout": 300,
            "tries": 1
          },
          "sensitive_attributes": [],
          "private": "bnVsbA==",
          "dependencies": [
            "module.postgres_operations.postgresql_script.product",
            "module.postgres_operations.postgresql_script.product_category",
            "module.postgres_operations.postgresql_script.seller",
            "module.postgres_operations.postgresql_script.trigger_function"
          ]
        }
      ]
    },
    {
      "module": "module.postgres_operations",
      "mode": "managed",
      "type": "postgresql_script",
      "name": "review",
      "provider": "provider[\"registry.terraform.io/doctolib/postgresql\"].pgcore",
      "instances": [
        {
          "schema_version": 0,
          "attributes": {
            "backoff_delay": 1,
            "commands": [
              "DROP TABLE IF EXISTS review cascade;\n",
              "create table review (\n    review_id uuid primary key,\n    creation_date timestamp not null,\n    answer_date timestamp, \n    inserted_at timestamp not null\n);\n"
            ],
            "id": "94f3db87631652a25b662833f4570e78cad458d5",
            "shasum": "94f3db87631652a25b662833f4570e78cad458d5",
            "timeout": 300,
            "tries": 1
          },
          "sensitive_attributes": [],
          "private": "bnVsbA==",
          "dependencies": [
            "module.postgres_operations.postgresql_script.customer",
            "module.postgres_operations.postgresql_script.trigger_function"
          ]
        }
      ]
    },
    {
      "module": "module.postgres_operations",
      "mode": "managed",
      "type": "postgresql_script",
      "name": "seller",
      "provider": "provider[\"registry.terraform.io/doctolib/postgresql\"].pgcore",
      "instances": [
        {
          "schema_version": 0,
          "attributes": {
            "backoff_delay": 1,
            "commands": [
              "DROP TABLE IF EXISTS seller cascade;\n",
              "CREATE TABLE seller (\n    seller_id uuid PRIMARY KEY,\n    seller_state char(2),\n    seller_city varchar(64),\n    seller_zip_code varchar(16),\n    inserted_at timestamp NOT NULL DEFAULT CURRENT_TIMESTAMP,\n    updated_at timestamp\n);\n",
              "-- Attachement du trigger\nDROP TRiGGER IF EXISTS update_seller_modtime ON seller;\nCREATE TRIGGER update_seller_modtime\nBEFORE UPDATE ON seller\nFOR EACH ROW\nEXECUTE FUNCTION update_updated_at_column();\n"
            ],
            "id": "5079fa5085da3b7bad4d4876d353451493c07502",
            "shasum": "5079fa5085da3b7bad4d4876d353451493c07502",
            "timeout": 300,
            "tries": 1
          },
          "sensitive_attributes": [],
          "private": "bnVsbA==",
          "dependencies": [
            "module.postgres_operations.postgresql_script.trigger_function"
          ]
        }
      ]
    },
    {
      "module": "module.postgres_operations",
      "mode": "managed",
      "type": "postgresql_script",
      "name": "trigger_function",
      "provider": "provider[\"registry.terraform.io/doctolib/postgresql\"].pgcore",
      "instances": [
        {
          "schema_version": 0,
          "attributes": {
            "backoff_delay": 1,
            "commands": [
              "-- 1. Création de la fonction générique\nCREATE OR REPLACE FUNCTION update_updated_at_column()\nRETURNS TRIGGER AS $$\nBEGIN\n    NEW.updated_at = NOW();\n    RETURN NEW;\nEND;\n$$ language 'plpgsql';\n"
            ],
            "id": "bc668dc0d3e56c24d1f4d507274d373d6f597763",
            "shasum": "bc668dc0d3e56c24d1f4d507274d373d6f597763",
            "timeout": 300,
            "tries": 1
          },
          "sensitive_attributes": [],
          "private": "bnVsbA=="
        }
      ]
    }
  ],
  "check_results": null
}
