{
  "version": 4,
  "terraform_version": "1.6.0",
  "serial": 23,
  "lineage": "004e20c8-dd5b-97e5-97c4-886372331958",
  "outputs": {},
  "resources": [
    {
      "module": "module.minio_objects",
      "mode": "managed",
      "type": "minio_s3_bucket",
      "name": "raw-data",
      "provider": "provider[\"registry.terraform.io/aminueza/minio\"].minio_provider",
      "instances": [
        {
          "schema_version": 0,
          "attributes": {
            "acl": "public",
            "arn": "arn:aws:s3:::raw-data",
            "bucket": "raw-data",
            "bucket_domain_name": "http://minio:9000/minio/raw-data",
            "bucket_prefix": null,
            "force_destroy": false,
            "id": "raw-data",
            "object_locking": false,
            "quota": null
          },
          "sensitive_attributes": [],
          "private": "bnVsbA=="
        }
      ]
    },
    {
      "module": "module.minio_objects",
      "mode": "managed",
      "type": "minio_s3_bucket",
      "name": "sources",
      "provider": "provider[\"registry.terraform.io/aminueza/minio\"].minio_provider",
      "instances": [
        {
          "schema_version": 0,
          "attributes": {
            "acl": "public",
            "arn": "arn:aws:s3:::sources",
            "bucket": "sources",
            "bucket_domain_name": "http://minio:9000/minio/sources",
            "bucket_prefix": null,
            "force_destroy": false,
            "id": "sources",
            "object_locking": false,
            "quota": null
          },
          "sensitive_attributes": [],
          "private": "bnVsbA=="
        }
      ]
    },
    {
      "module": "module.minio_objects",
      "mode": "managed",
      "type": "minio_s3_object",
      "name": "customers",
      "provider": "provider[\"registry.terraform.io/aminueza/minio\"].minio_provider",
      "instances": [
        {
          "schema_version": 0,
          "attributes": {
            "bucket_name": "sources",
            "content": null,
            "content_base64": null,
            "content_type": "text/csv",
            "etag": "50258b7469f712efe898c5a389e6fd5a-1",
            "id": "customers_dataset.csv",
            "object_name": "customers_dataset.csv",
            "source": "../source_data/olist_customers_dataset.csv",
            "version_id": ""
          },
          "sensitive_attributes": [],
          "private": "bnVsbA==",
          "dependencies": [
            "module.minio_objects.minio_s3_bucket.sources"
          ]
        }
      ]
    },
    {
      "module": "module.minio_objects",
      "mode": "managed",
      "type": "minio_s3_object",
      "name": "geolocation",
      "provider": "provider[\"registry.terraform.io/aminueza/minio\"].minio_provider",
      "instances": [
        {
          "schema_version": 0,
          "attributes": {
            "bucket_name": "sources",
            "content": null,
            "content_base64": null,
            "content_type": "text/csv",
            "etag": "9bfe147908c315be7507d2795de55797-1",
            "id": "geolocation_dataset.csv",
            "object_name": "geolocation_dataset.csv",
            "source": "../source_data/olist_geolocation_dataset.csv",
            "version_id": ""
          },
          "sensitive_attributes": [],
          "private": "bnVsbA==",
          "dependencies": [
            "module.minio_objects.minio_s3_bucket.sources"
          ]
        }
      ]
    },
    {
      "module": "module.minio_objects",
      "mode": "managed",
      "type": "minio_s3_object",
      "name": "order-items",
      "provider": "provider[\"registry.terraform.io/aminueza/minio\"].minio_provider",
      "instances": [
        {
          "schema_version": 0,
          "attributes": {
            "bucket_name": "sources",
            "content": null,
            "content_base64": null,
            "content_type": "text/csv",
            "etag": "4861e4085f40b2b8e97f62736b0aab7c-1",
            "id": "order_items_dataset.csv",
            "object_name": "order_items_dataset.csv",
            "source": "../source_data/olist_order_items_dataset.csv",
            "version_id": ""
          },
          "sensitive_attributes": [],
          "private": "bnVsbA==",
          "dependencies": [
            "module.minio_objects.minio_s3_bucket.sources"
          ]
        }
      ]
    },
    {
      "module": "module.minio_objects",
      "mode": "managed",
      "type": "minio_s3_object",
      "name": "order-payments",
      "provider": "provider[\"registry.terraform.io/aminueza/minio\"].minio_provider",
      "instances": [
        {
          "schema_version": 0,
          "attributes": {
            "bucket_name": "sources",
            "content": null,
            "content_base64": null,
            "content_type": "text/csv",
            "etag": "5ec706c537a32251c184e1f34e3f82af-1",
            "id": "order_payments_dataset.csv",
            "object_name": "order_payments_dataset.csv",
            "source": "../source_data/olist_order_payments_dataset.csv",
            "version_id": ""
          },
          "sensitive_attributes": [],
          "private": "bnVsbA==",
          "dependencies": [
            "module.minio_objects.minio_s3_bucket.sources"
          ]
        }
      ]
    },
    {
      "module": "module.minio_objects",
      "mode": "managed",
      "type": "minio_s3_object",
      "name": "order-reviews",
      "provider": "provider[\"registry.terraform.io/aminueza/minio\"].minio_provider",
      "instances": [
        {
          "schema_version": 0,
          "attributes": {
            "bucket_name": "sources",
            "content": null,
            "content_base64": null,
            "content_type": "text/csv",
            "etag": "2793ec7689127761b27b62e5c7fac9ad-1",
            "id": "order_reviews_dataset.csv",
            "object_name": "order_reviews_dataset.csv",
            "source": "../source_data/olist_order_reviews_dataset.csv",
            "version_id": ""
          },
          "sensitive_attributes": [],
          "private": "bnVsbA==",
          "dependencies": [
            "module.minio_objects.minio_s3_bucket.sources"
          ]
        }
      ]
    },
    {
      "module": "module.minio_objects",
      "mode": "managed",
      "type": "minio_s3_object",
      "name": "orders",
      "provider": "provider[\"registry.terraform.io/aminueza/minio\"].minio_provider",
      "instances": [
        {
          "schema_version": 0,
          "attributes": {
            "bucket_name": "sources",
            "content": null,
            "content_base64": null,
            "content_type": "text/csv",
            "etag": "63873f4367e3951c73864808e109fe27-1",
            "id": "orders_dataset.csv",
            "object_name": "orders_dataset.csv",
            "source": "../source_data/olist_orders_dataset.csv",
            "version_id": ""
          },
          "sensitive_attributes": [],
          "private": "bnVsbA==",
          "dependencies": [
            "module.minio_objects.minio_s3_bucket.sources"
          ]
        }
      ]
    },
    {
      "module": "module.minio_objects",
      "mode": "managed",
      "type": "minio_s3_object",
      "name": "product-category-name-translation",
      "provider": "provider[\"registry.terraform.io/aminueza/minio\"].minio_provider",
      "instances": [
        {
          "schema_version": 0,
          "attributes": {
            "bucket_name": "sources",
            "content": null,
            "content_base64": null,
            "content_type": "text/csv",
            "etag": "056afc19b158f9eff08020e40d76d51e-1",
            "id": "product_category_name_translation.csv",
            "object_name": "product_category_name_translation.csv",
            "source": "../source_data/product_category_name_translation.csv",
            "version_id": ""
          },
          "sensitive_attributes": [],
          "private": "bnVsbA==",
          "dependencies": [
            "module.minio_objects.minio_s3_bucket.sources"
          ]
        }
      ]
    },
    {
      "module": "module.minio_objects",
      "mode": "managed",
      "type": "minio_s3_object",
      "name": "products",
      "provider": "provider[\"registry.terraform.io/aminueza/minio\"].minio_provider",
      "instances": [
        {
          "schema_version": 0,
          "attributes": {
            "bucket_name": "sources",
            "content": null,
            "content_base64": null,
            "content_type": "text/csv",
            "etag": "29b62f87551845cae5e733896c3c71d1-1",
            "id": "products_dataset.csv",
            "object_name": "products_dataset.csv",
            "source": "../source_data/olist_products_dataset.csv",
            "version_id": ""
          },
          "sensitive_attributes": [],
          "private": "bnVsbA==",
          "dependencies": [
            "module.minio_objects.minio_s3_bucket.sources"
          ]
        }
      ]
    },
    {
      "module": "module.minio_objects",
      "mode": "managed",
      "type": "minio_s3_object",
      "name": "sellers",
      "provider": "provider[\"registry.terraform.io/aminueza/minio\"].minio_provider",
      "instances": [
        {
          "schema_version": 0,
          "attributes": {
            "bucket_name": "sources",
            "content": null,
            "content_base64": null,
            "content_type": "text/csv",
            "etag": "f1c6a80ad1bed0a1b5f4c8963c10946d-1",
            "id": "sellers_dataset.csv",
            "object_name": "sellers_dataset.csv",
            "source": "../source_data/olist_sellers_dataset.csv",
            "version_id": ""
          },
          "sensitive_attributes": [],
          "private": "bnVsbA==",
          "dependencies": [
            "module.minio_objects.minio_s3_bucket.sources"
          ]
        }
      ]
    },
    {
      "module": "module.postgres_operations",
      "mode": "managed",
      "type": "postgresql_script",
      "name": "customer",
      "provider": "provider[\"registry.terraform.io/doctolib/postgresql\"].pgcore",
      "instances": [
        {
          "schema_version": 0,
          "attributes": {
            "backoff_delay": 1,
            "commands": [
              "DROP TABLE IF EXISTS customer cascade;\n",
              "CREATE TABLE customer (\n    customer_id uuid primary key,\n    customer_code varchar(32) NOT NULL,\n    customer_state char(2),\n    customer_city varchar(64),\n    customer_zip_code varchar(16),\n    inserted_at timestamp NOT NULL\n);\n"
            ],
            "id": "e6a7f8b5bcd0bece964cc01c6aea141d8d890480",
            "shasum": "e6a7f8b5bcd0bece964cc01c6aea141d8d890480",
            "timeout": 300,
            "tries": 1
          },
          "sensitive_attributes": [],
          "private": "bnVsbA=="
        }
      ]
    },
    {
      "module": "module.postgres_operations",
      "mode": "managed",
      "type": "postgresql_script",
      "name": "location",
      "provider": "provider[\"registry.terraform.io/doctolib/postgresql\"].pgcore",
      "instances": [
        {
          "schema_version": 0,
          "attributes": {
            "backoff_delay": 1,
            "commands": [
              "DROP TABLE IF EXISTS location cascade;\n",
              "CREATE TABLE location (\n    location_id integer PRIMARY KEY,\n    zip_code_prefix VARCHAR(20) NOT NULL,\n    city VARCHAR(50) NOT NULL,\n    state VARCHAR(50) NOT NULL,\n    inserted_at timestamp NOT NULL,\n    constraint chk_city_lower check (city = lower(city)),\n    constraint chk_state_lower check (state = lower(state)),\n    constraint uq_location_zip_code_prefix_city_state unique (zip_code_prefix, city, state)\n);\n"
            ],
            "id": "5e362ad9c106c25b0ae556392fb506ea30977606",
            "shasum": "5e362ad9c106c25b0ae556392fb506ea30977606",
            "timeout": 300,
            "tries": 1
          },
          "sensitive_attributes": [],
          "private": "bnVsbA=="
        }
      ]
    },
    {
      "module": "module.postgres_operations",
      "mode": "managed",
      "type": "postgresql_script",
      "name": "order",
      "provider": "provider[\"registry.terraform.io/doctolib/postgresql\"].pgcore",
      "instances": [
        {
          "schema_version": 0,
          "attributes": {
            "backoff_delay": 1,
            "commands": [
              "DROP TABLE IF EXISTS orders cascade;\n",
              "    CREATE TABLE orders (\n    order_id uuid primary key,\n    customer_id uuid NOT NULL,\n    status_id integer NOT NULL,\n    purchase_date timestamp NOT NULL,\n    estimated_delivery_date timestamp NOT NULL,\n    approved_date timestamp,\n    delivered_carrier_date timestamp,\n    delivered_customer_date timestamp,\n    inserted_at timestamp NOT NULL,\n    foreign key (customer_id) references customer(customer_id),\n    foreign key (status_id) references order_status_type(order_status_type_id)\n);\n"
            ],
            "id": "87c8dcb5953de5c34dc4518c75a9856d64040c5a",
            "shasum": "87c8dcb5953de5c34dc4518c75a9856d64040c5a",
            "timeout": 300,
            "tries": 1
          },
          "sensitive_attributes": [],
          "private": "bnVsbA==",
          "dependencies": [
            "module.postgres_operations.postgresql_script.customer",
            "module.postgres_operations.postgresql_script.order_status_type"
          ]
        }
      ]
    },
    {
      "module": "module.postgres_operations",
      "mode": "managed",
      "type": "postgresql_script",
      "name": "order_item",
      "provider": "provider[\"registry.terraform.io/doctolib/postgresql\"].pgcore",
      "instances": [
        {
          "schema_version": 0,
          "attributes": {
            "backoff_delay": 1,
            "commands": [
              "DROP TABLE IF EXISTS order_item cascade;\n",
              "    create table order_item (\n    order_id uuid not null,\n    item_id integer not null,\n    product_id uuid not null,\n    seller_id uuid not null,\n    shipping_limit_date timestamp,\n    price decimal(19,2) not null,\n    freight_value decimal(19,2) not null,\n    inserted_at timestamp not null,\n    foreign key (order_id) references orders(order_id),\n    foreign key (product_id) references product(product_id),\n    foreign key (seller_id) references seller(seller_id),\n    constraint pk_order_item primary key (order_id, item_id),\n    constraint chk_order_item_price_nonneg check (price \u003e= 0),\n    constraint chk_order_item_freight_nonneg check (freight_value \u003e= 0)\n);\n"
            ],
            "id": "412e800ed466c794d89b5ee3173d0c68e8d0da72",
            "shasum": "412e800ed466c794d89b5ee3173d0c68e8d0da72",
            "timeout": 300,
            "tries": 1
          },
          "sensitive_attributes": [],
          "private": "bnVsbA==",
          "dependencies": [
            "module.postgres_operations.postgresql_script.customer",
            "module.postgres_operations.postgresql_script.order",
            "module.postgres_operations.postgresql_script.order_status_type",
            "module.postgres_operations.postgresql_script.product",
            "module.postgres_operations.postgresql_script.product_category",
            "module.postgres_operations.postgresql_script.seller"
          ]
        }
      ]
    },
    {
      "module": "module.postgres_operations",
      "mode": "managed",
      "type": "postgresql_script",
      "name": "order_payment",
      "provider": "provider[\"registry.terraform.io/doctolib/postgresql\"].pgcore",
      "instances": [
        {
          "schema_version": 0,
          "attributes": {
            "backoff_delay": 1,
            "commands": [
              "DROP TABLE IF EXISTS order_payment cascade;\n",
              "    create table order_payment (\n    order_id uuid not null ,\n    payment_seq integer not null,\n    payment_type_id integer,\n    installments integer,\n    value decimal(19,2) not null,\n    inserted_at timestamp not null,\n    foreign key (order_id) references orders(order_id),\n    foreign key (payment_type_id) references payment_type(payment_type_id),\n    constraint pk_order_payment primary key (order_id, payment_seq),\n    constraint chk_installments_nonneg check (installments is null or installments \u003e= 0),\n    constraint chk_payment_value_nonneg check (value \u003e= 0)\n);\n\n"
            ],
            "id": "794a6c0a578d72cb61ecdfc823275693ea0171f1",
            "shasum": "794a6c0a578d72cb61ecdfc823275693ea0171f1",
            "timeout": 300,
            "tries": 1
          },
          "sensitive_attributes": [],
          "private": "bnVsbA==",
          "dependencies": [
            "module.postgres_operations.postgresql_script.customer",
            "module.postgres_operations.postgresql_script.order",
            "module.postgres_operations.postgresql_script.order_status_type",
            "module.postgres_operations.postgresql_script.payment_type"
          ]
        }
      ]
    },
    {
      "module": "module.postgres_operations",
      "mode": "managed",
      "type": "postgresql_script",
      "name": "order_review",
      "provider": "provider[\"registry.terraform.io/doctolib/postgresql\"].pgcore",
      "instances": [
        {
          "schema_version": 0,
          "attributes": {
            "backoff_delay": 1,
            "commands": [
              "DROP TABLE IF EXISTS order_review cascade;\n",
              "create table order_review (\n    review_id uuid not null,\n    order_id uuid not null ,\n    score integer not null,\n    title varchar(255),\n    message text,\n    inserted_at timestamp not null,\n    foreign key (order_id) references orders(order_id),\n    foreign key (review_id) references review(review_id),\n    constraint chk_review_score_range check (score between 1 and 5),\n    constraint primary_key PRIMARY KEY (review_id, order_id)\n);\n"
            ],
            "id": "2e14abbc137d3728b474ae55c2afab4df5d12813",
            "shasum": "2e14abbc137d3728b474ae55c2afab4df5d12813",
            "timeout": 300,
            "tries": 1
          },
          "sensitive_attributes": [],
          "private": "bnVsbA==",
          "dependencies": [
            "module.postgres_operations.postgresql_script.customer",
            "module.postgres_operations.postgresql_script.order",
            "module.postgres_operations.postgresql_script.order_status_type",
            "module.postgres_operations.postgresql_script.review"
          ]
        }
      ]
    },
    {
      "module": "module.postgres_operations",
      "mode": "managed",
      "type": "postgresql_script",
      "name": "order_status_type",
      "provider": "provider[\"registry.terraform.io/doctolib/postgresql\"].pgcore",
      "instances": [
        {
          "schema_version": 0,
          "attributes": {
            "backoff_delay": 1,
            "commands": [
              "DROP TABLE IF EXISTS order_status_type cascade;\n",
              "CREATE TABLE order_status_type (\norder_status_type_id integer primary key,\norder_status_type_code varchar(255) unique not null,\norder_status_type_description varchar(255),\ninserted_at timestamp not null,\nconstraint chk_order_status_type_code_lower check (order_status_type_code = lower(order_status_type_code))\n);\n"
            ],
            "id": "713e2407e91718464fd07b3718d46e99dabd9ab5",
            "shasum": "713e2407e91718464fd07b3718d46e99dabd9ab5",
            "timeout": 300,
            "tries": 1
          },
          "sensitive_attributes": [],
          "private": "bnVsbA=="
        }
      ]
    },
    {
      "module": "module.postgres_operations",
      "mode": "managed",
      "type": "postgresql_script",
      "name": "payment_type",
      "provider": "provider[\"registry.terraform.io/doctolib/postgresql\"].pgcore",
      "instances": [
        {
          "schema_version": 0,
          "attributes": {
            "backoff_delay": 1,
            "commands": [
              "DROP TABLE IF EXISTS payment_type cascade;\n",
              "CREATE TABLE payment_type (\npayment_type_id int primary key,\npayment_type_code varchar(255) unique not null,\npayment_type_description varchar(255),\ninserted_at timestamp not null,\nconstraint chk_payment_type_code_lower check (payment_type_code = lower(payment_type_code))\n);\n"
            ],
            "id": "353ec1337de0385dd9e1547daf5298e0960441d6",
            "shasum": "353ec1337de0385dd9e1547daf5298e0960441d6",
            "timeout": 300,
            "tries": 1
          },
          "sensitive_attributes": [],
          "private": "bnVsbA==",
          "dependencies": [
            "module.postgres_operations.postgresql_script.order_status_type"
          ]
        }
      ]
    },
    {
      "module": "module.postgres_operations",
      "mode": "managed",
      "type": "postgresql_script",
      "name": "product",
      "provider": "provider[\"registry.terraform.io/doctolib/postgresql\"].pgcore",
      "instances": [
        {
          "schema_version": 0,
          "attributes": {
            "backoff_delay": 1,
            "commands": [
              "DROP TABLE IF EXISTS product cascade;\n",
              "create table product (\n    product_id uuid primary key,\n    product_category_id integer,\n    name_length integer,\n    description_length integer,\n    photos_qty integer,\n    weight_g integer,\n    length_cm integer,\n    height_cm integer,\n    width_cm integer,\n    inserted_at timestamp not null,\n    constraint chk_product_name_length check (name_length is null or name_length \u003e= 0),\n    constraint chk_product_description_length check (description_length is null or description_length \u003e= 0),\n    constraint chk_product_photos_qty check (photos_qty is null or photos_qty \u003e= 0),\n    constraint chk_product_weight_g check (weight_g is null or weight_g \u003e= 0),\n    constraint chk_product_length_cm check (length_cm is null or length_cm \u003e= 0),\n    constraint chk_product_height_cm check (height_cm is null or height_cm \u003e= 0),\n    constraint chk_product_width_cm check (width_cm is null or width_cm \u003e= 0),\n    foreign key (product_category_id) references product_category(product_category_id)\n);\n"
            ],
            "id": "09f2f1c8ead3e3458dcb6e147e237c9f3e1b5b43",
            "shasum": "09f2f1c8ead3e3458dcb6e147e237c9f3e1b5b43",
            "timeout": 300,
            "tries": 1
          },
          "sensitive_attributes": [],
          "private": "bnVsbA==",
          "dependencies": [
            "module.postgres_operations.postgresql_script.product_category"
          ]
        }
      ]
    },
    {
      "module": "module.postgres_operations",
      "mode": "managed",
      "type": "postgresql_script",
      "name": "product_category",
      "provider": "provider[\"registry.terraform.io/doctolib/postgresql\"].pgcore",
      "instances": [
        {
          "schema_version": 0,
          "attributes": {
            "backoff_delay": 1,
            "commands": [
              "DROP TABLE IF EXISTS product_category cascade;\n",
              "CREATE TABLE product_category (\nproduct_category_id serial primary key,\nproduct_category_name varchar(255) unique not null,\ntranslation_name_en varchar(255),\nproduct_category_description varchar(255),\ninserted_at timestamp not null,\nconstraint chk_product_category_name_lower check (product_category_name = lower(product_category_name))\n);\n"
            ],
            "id": "0911e2e6150c7ff9bbd09da1d608ec7df5833912",
            "shasum": "0911e2e6150c7ff9bbd09da1d608ec7df5833912",
            "timeout": 300,
            "tries": 1
          },
          "sensitive_attributes": [],
          "private": "bnVsbA=="
        }
      ]
    },
    {
      "module": "module.postgres_operations",
      "mode": "managed",
      "type": "postgresql_script",
      "name": "review",
      "provider": "provider[\"registry.terraform.io/doctolib/postgresql\"].pgcore",
      "instances": [
        {
          "schema_version": 0,
          "attributes": {
            "backoff_delay": 1,
            "commands": [
              "DROP TABLE IF EXISTS review cascade;\n",
              "create table review (\n    review_id uuid primary key,\n    creation_date timestamp not null,\n    answer_date timestamp, \n    inserted_at timestamp not null\n);\n"
            ],
            "id": "94f3db87631652a25b662833f4570e78cad458d5",
            "shasum": "94f3db87631652a25b662833f4570e78cad458d5",
            "timeout": 300,
            "tries": 1
          },
          "sensitive_attributes": [],
          "private": "bnVsbA==",
          "dependencies": [
            "module.postgres_operations.postgresql_script.customer"
          ]
        }
      ]
    },
    {
      "module": "module.postgres_operations",
      "mode": "managed",
      "type": "postgresql_script",
      "name": "seller",
      "provider": "provider[\"registry.terraform.io/doctolib/postgresql\"].pgcore",
      "instances": [
        {
          "schema_version": 0,
          "attributes": {
            "backoff_delay": 1,
            "commands": [
              "DROP TABLE IF EXISTS seller cascade;\n",
              "CREATE TABLE seller (\n    seller_id uuid PRIMARY KEY,\n    seller_state char(2),\n    seller_city varchar(64),\n    seller_zip_code varchar(16),\n    inserted_at timestamp NOT NULL\n);\n"
            ],
            "id": "68e2be00b5c8523a502d5cccaf6e450bef0150f4",
            "shasum": "68e2be00b5c8523a502d5cccaf6e450bef0150f4",
            "timeout": 300,
            "tries": 1
          },
          "sensitive_attributes": [],
          "private": "bnVsbA=="
        }
      ]
    }
  ],
  "check_results": null
}
